
Microsoft Visual Studio Solution File, Format Version 12.00
Project("{FAE04EC0-301F-11D3-BF4B-00C04F79EFBC}") = "P3Task.DocumentManagement.Grpc", "P3Task.DocumentManagement.Grpc\P3Task.DocumentManagement.Grpc.csproj", "{59243B08-AACB-40BF-8166-7AFB8EE5EB5E}"
EndProject
Project("{FAE04EC0-301F-11D3-BF4B-00C04F79EFBC}") = "P3Task.DocumentManagement.Core", "P3Task.DocumentManagement.Core\P3Task.DocumentManagement.Core.csproj", "{87BF5F37-46B1-433A-B27E-111C6DB6400C}"
EndProject
Project("{FAE04EC0-301F-11D3-BF4B-00C04F79EFBC}") = "P3Task.DocumentManagement.Infrastructure", "P3Task.DocumentManagement.Infrastructure\P3Task.DocumentManagement.Infrastructure.csproj", "{928D08F2-FB3B-4D97-87F8-027644EE411B}"
EndProject
Project("{2150E333-8FDC-42A3-9474-1A3956D46DE8}") = "Presentation", "Presentation", "{8C05733A-2D81-43F8-9706-EF972251F494}"
EndProject
Project("{2150E333-8FDC-42A3-9474-1A3956D46DE8}") = "Application", "Application", "{625C5FDF-6E57-4570-850E-8B615351E053}"
EndProject
Global
	GlobalSection(SolutionConfigurationPlatforms) = preSolution
		Debug|Any CPU = Debug|Any CPU
		Release|Any CPU = Release|Any CPU
	EndGlobalSection
	GlobalSection(ProjectConfigurationPlatforms) = postSolution
		{59243B08-AACB-40BF-8166-7AFB8EE5EB5E}.Debug|Any CPU.ActiveCfg = Debug|Any CPU
		{59243B08-AACB-40BF-8166-7AFB8EE5EB5E}.Debug|Any CPU.Build.0 = Debug|Any CPU
		{59243B08-AACB-40BF-8166-7AFB8EE5EB5E}.Release|Any CPU.ActiveCfg = Release|Any CPU
		{59243B08-AACB-40BF-8166-7AFB8EE5EB5E}.Release|Any CPU.Build.0 = Release|Any CPU
		{87BF5F37-46B1-433A-B27E-111C6DB6400C}.Debug|Any CPU.ActiveCfg = Debug|Any CPU
		{87BF5F37-46B1-433A-B27E-111C6DB6400C}.Debug|Any CPU.Build.0 = Debug|Any CPU
		{87BF5F37-46B1-433A-B27E-111C6DB6400C}.Release|Any CPU.ActiveCfg = Release|Any CPU
		{87BF5F37-46B1-433A-B27E-111C6DB6400C}.Release|Any CPU.Build.0 = Release|Any CPU
		{928D08F2-FB3B-4D97-87F8-027644EE411B}.Debug|Any CPU.ActiveCfg = Debug|Any CPU
		{928D08F2-FB3B-4D97-87F8-027644EE411B}.Debug|Any CPU.Build.0 = Debug|Any CPU
		{928D08F2-FB3B-4D97-87F8-027644EE411B}.Release|Any CPU.ActiveCfg = Release|Any CPU
		{928D08F2-FB3B-4D97-87F8-027644EE411B}.Release|Any CPU.Build.0 = Release|Any CPU
	EndGlobalSection
EndGlobal
